{
  "name": "nodetraining",
  "version": "1.0.0",
  "lockfileVersion": 1,
  "requires": true,
  "dependencies": {
    "anothermodulenode": {
      "version": "github:SumitDobriyal/anotherRepoNode#55d84cfcf4288f5113ee15919611b582492da334",
      "from": "github:SumitDobriyal/anotherRepoNode"
    },
    "lodash": {
      "version": "4.17.13",
      "resolved": "https://registry.npmjs.org/lodash/-/lodash-4.17.13.tgz",
      "integrity": "sha512-vm3/XWXfWtRua0FkUyEHBZy8kCPjErNBT9fJx8Zvs+U6zjqPbTUOpkaoum3O5uiA8sm+yNMHXfYkTUHFoMxFNA=="
    }
  }
}
